// !$*UTF8*$!
{
	archiveVersion = 1;
	classes = {
	};
	objectVersion = 46;
	objects = {

/* Begin PBXBuildFile section */
		786C0E491E7BBA570018AA4E /* AppDelegate.swift in Sources */ = {isa = PBXBuildFile; fileRef = 786C0E481E7BBA570018AA4E /* AppDelegate.swift */; };
		786C0E4B1E7BBA570018AA4E /* ViewController.swift in Sources */ = {isa = PBXBuildFile; fileRef = 786C0E4A1E7BBA570018AA4E /* ViewController.swift */; };
		786C0E4E1E7BBA570018AA4E /* Main.storyboard in Resources */ = {isa = PBXBuildFile; fileRef = 786C0E4C1E7BBA570018AA4E /* Main.storyboard */; };
		786C0E501E7BBA570018AA4E /* Assets.xcassets in Resources */ = {isa = PBXBuildFile; fileRef = 786C0E4F1E7BBA570018AA4E /* Assets.xcassets */; };
		786C0E531E7BBA570018AA4E /* LaunchScreen.storyboard in Resources */ = {isa = PBXBuildFile; fileRef = 786C0E511E7BBA570018AA4E /* LaunchScreen.storyboard */; };
/* End PBXBuildFile section */

/* Begin PBXFileReference section */
		786C0E451E7BBA570018AA4E /* DemoProject.app */ = {isa = PBXFileReference; explicitFileType = wrapper.application; includeInIndex = 0; path = DemoProject.app; sourceTree = BUILT_PRODUCTS_DIR; };
		786C0E481E7BBA570018AA4E /* AppDelegate.swift */ = {isa = PBXFileReference; lastKnownFileType = sourcecode.swift; path = AppDelegate.swift; sourceTree = "<group>"; };
		786C0E4A1E7BBA570018AA4E /* ViewController.swift */ = {isa = PBXFileReference; lastKnownFileType = sourcecode.swift; path = ViewController.swift; sourceTree = "<group>"; };
		786C0E4D1E7BBA570018AA4E /* Base */ = {isa = PBXFileReference; lastKnownFileType = file.storyboard; name = Base; path = Base.lproj/Main.storyboard; sourceTree = "<group>"; };
		786C0E4F1E7BBA570018AA4E /* Assets.xcassets */ = {isa = PBXFileReference; lastKnownFileType = folder.assetcatalog; path = Assets.xcassets; sourceTree = "<group>"; };
		786C0E521E7BBA570018AA4E /* Base */ = {isa = PBXFileReference; lastKnownFileType = file.storyboard; name = Base; path = Base.lproj/LaunchScreen.storyboard; sourceTree = "<group>"; };
		786C0E541E7BBA570018AA4E /* Info.plist */ = {isa = PBXFileReference; lastKnownFileType = text.plist.xml; path = Info.plist; sourceTree = "<group>"; };
/* End PBXFileReference section */

/* Begin PBXFrameworksBuildPhase section */
		786C0E421E7BBA570018AA4E /* Frameworks */ = {
			isa = PBXFrameworksBuildPhase;
			buildActionMask = 2147483647;
			files = (
			);
			runOnlyForDeploymentPostprocessing = 0;
		};
/* End PBXFrameworksBuildPhase section */

/* Begin PBXGroup section */
		786C0E3C1E7BBA570018AA4E = {
			isa = PBXGroup;
			children = (
				786C0E471E7BBA570018AA4E /* DemoProject */,
				786C0E461E7BBA570018AA4E /* Products */,
			);
			sourceTree = "<group>";
		};
		786C0E461E7BBA570018AA4E /* Products */ = {
			isa = PBXGroup;
			children = (
				786C0E451E7BBA570018AA4E /* DemoProject.app */,
			);
			name = Products;
			sourceTree = "<group>";
		};
		786C0E471E7BBA570018AA4E /* DemoProject */ = {
			isa = PBXGroup;
			children = (
				786C0E5A1E7BBA600018AA4E /* Classes */,
				786C0E4F1E7BBA570018AA4E /* Assets.xcassets */,
				786C0E541E7BBA570018AA4E /* Info.plist */,
			);
			path = DemoProject;
			sourceTree = "<group>";
		};
		786C0E5A1E7BBA600018AA4E /* Classes */ = {
			isa = PBXGroup;
			children = (
				786C0E481E7BBA570018AA4E /* AppDelegate.swift */,
				786C0E5C1E7BBAAD0018AA4E /* Cells */,
				786C0E621E7BBAE00018AA4E /* Custom Views */,
				786C0E611E7BBAD80018AA4E /* Extensions */,
				786C0E601E7BBAD10018AA4E /* Network */,
				786C0E5F1E7BBACB0018AA4E /* Model */,
				786C0E5E1E7BBAC00018AA4E /* User Interface */,
				786C0E5D1E7BBAB40018AA4E /* View Controllers */,
			);
			name = Classes;
			sourceTree = "<group>";
		};
		786C0E5B1E7BBA810018AA4E /* Core Data */ = {
			isa = PBXGroup;
			children = (
			);
			name = "Core Data";
			sourceTree = "<group>";
		};
		786C0E5C1E7BBAAD0018AA4E /* Cells */ = {
			isa = PBXGroup;
			children = (
			);
			name = Cells;
			sourceTree = "<group>";
		};
		786C0E5D1E7BBAB40018AA4E /* View Controllers */ = {
			isa = PBXGroup;
			children = (
				786C0E4A1E7BBA570018AA4E /* ViewController.swift */,
			);
			name = "View Controllers";
			sourceTree = "<group>";
		};
		786C0E5E1E7BBAC00018AA4E /* User Interface */ = {
			isa = PBXGroup;
			children = (
				786C0E4C1E7BBA570018AA4E /* Main.storyboard */,
				786C0E511E7BBA570018AA4E /* LaunchScreen.storyboard */,
			);
			name = "User Interface";
			sourceTree = "<group>";
		};
		786C0E5F1E7BBACB0018AA4E /* Model */ = {
			isa = PBXGroup;
			children = (
			);
			name = Model;
			sourceTree = "<group>";
		};
		786C0E601E7BBAD10018AA4E /* Network */ = {
			isa = PBXGroup;
			children = (
			);
			name = Network;
			sourceTree = "<group>";
		};
		786C0E611E7BBAD80018AA4E /* Extensions */ = {
			isa = PBXGroup;
			children = (
			);
			name = Extensions;
			sourceTree = "<group>";
		};
		786C0E621E7BBAE00018AA4E /* Custom Views */ = {
			isa = PBXGroup;
			children = (
				786C0E5B1E7BBA810018AA4E /* Core Data */,
			);
			name = "Custom Views";
			sourceTree = "<group>";
		};
/* End PBXGroup section */

/* Begin PBXNativeTarget section */
		786C0E441E7BBA570018AA4E /* DemoProject */ = {
			isa = PBXNativeTarget;
			buildConfigurationList = 786C0E571E7BBA570018AA4E /* Build configuration list for PBXNativeTarget "DemoProject" */;
			buildPhases = (
				786C0E411E7BBA570018AA4E /* Sources */,
				786C0E421E7BBA570018AA4E /* Frameworks */,
				786C0E431E7BBA570018AA4E /* Resources */,
			);
			buildRules = (
			);
			dependencies = (
			);
			name = DemoProject;
			productName = DemoProject;
			productReference = 786C0E451E7BBA570018AA4E /* DemoProject.app */;
			productType = "com.apple.product-type.application";
		};
/* End PBXNativeTarget section */

/* Begin PBXProject section */
		786C0E3D1E7BBA570018AA4E /* Project object */ = {
			isa = PBXProject;
			attributes = {
				LastSwiftUpdateCheck = 0820;
				LastUpgradeCheck = 0820;
				ORGANIZATIONNAME = "Soni, Ankita (US - Bengaluru)";
				TargetAttributes = {
					786C0E441E7BBA570018AA4E = {
						CreatedOnToolsVersion = 8.2.1;
						ProvisioningStyle = Automatic;
					};
				};
			};
			buildConfigurationList = 786C0E401E7BBA570018AA4E /* Build configuration list for PBXProject "DemoProject" */;
			compatibilityVersion = "Xcode 3.2";
			developmentRegion = English;
			hasScannedForEncodings = 0;
			knownRegions = (
				en,
				Base,
			);
			mainGroup = 786C0E3C1E7BBA570018AA4E;
			productRefGroup = 786C0E461E7BBA570018AA4E /* Products */;
			projectDirPath = "";
			projectRoot = "";
			targets = (
				786C0E441E7BBA570018AA4E /* DemoProject */,
			);
		};
/* End PBXProject section */

/* Begin PBXResourcesBuildPhase section */
		786C0E431E7BBA570018AA4E /* Resources */ = {
			isa = PBXResourcesBuildPhase;
			buildActionMask = 2147483647;
			files = (
				786C0E531E7BBA570018AA4E /* LaunchScreen.storyboard in Resources */,
				786C0E501E7BBA570018AA4E /* Assets.xcassets in Resources */,
				786C0E4E1E7BBA570018AA4E /* Main.storyboard in Resources */,
			);
			runOnlyForDeploymentPostprocessing = 0;
		};
/* End PBXResourcesBuildPhase section */

/* Begin PBXSourcesBuildPhase section */
		786C0E411E7BBA570018AA4E /* Sources */ = {
			isa = PBXSourcesBuildPhase;
			buildActionMask = 2147483647;
			files = (
				786C0E4B1E7BBA570018AA4E /* ViewController.swift in Sources */,
				786C0E491E7BBA570018AA4E /* AppDelegate.swift in Sources */,
			);
			runOnlyForDeploymentPostprocessing = 0;
		};
/* End PBXSourcesBuildPhase section */

/* Begin PBXVariantGroup section */
		786C0E4C1E7BBA570018AA4E /* Main.storyboard */ = {
			isa = PBXVariantGroup;
			children = (
				786C0E4D1E7BBA570018AA4E /* Base */,
			);
			name = Main.storyboard;
			sourceTree = "<group>";
		};
		786C0E511E7BBA570018AA4E /* LaunchScreen.storyboard */ = {
			isa = PBXVariantGroup;
			children = (
				786C0E521E7BBA570018AA4E /* Base */,
			);
			name = LaunchScreen.storyboard;
			sourceTree = "<group>";
		};
/* End PBXVariantGroup section */

/* Begin XCBuildConfiguration section */
		786C0E551E7BBA570018AA4E /* Debug */ = {
			isa = XCBuildConfiguration;
			buildSettings = {
				ALWAYS_SEARCH_USER_PATHS = NO;
				CLANG_ANALYZER_NONNULL = YES;
				CLANG_CXX_LANGUAGE_STANDARD = "gnu++0x";
				CLANG_CXX_LIBRARY = "libc++";
				CLANG_ENABLE_MODULES = YES;
				CLANG_ENABLE_OBJC_ARC = YES;
				CLANG_WARN_BOOL_CONVERSION = YES;
				CLANG_WARN_CONSTANT_CONVERSION = YES;
				CLANG_WARN_DIRECT_OBJC_ISA_USAGE = YES_ERROR;
				CLANG_WARN_DOCUMENTATION_COMMENTS = YES;
				CLANG_WARN_EMPTY_BODY = YES;
				CLANG_WARN_ENUM_CONVERSION = YES;
				CLANG_WARN_INFINITE_RECURSION = YES;
				CLANG_WARN_INT_CONVERSION = YES;
				CLANG_WARN_OBJC_ROOT_CLASS = YES_ERROR;
				CLANG_WARN_SUSPICIOUS_MOVE = YES;
				CLANG_WARN_UNREACHABLE_CODE = YES;
				CLANG_WARN__DUPLICATE_METHOD_MATCH = YES;
				"CODE_SIGN_IDENTITY[sdk=iphoneos*]" = "iPhone Developer";
				COPY_PHASE_STRIP = NO;
				DEBUG_INFORMATION_FORMAT = dwarf;
				ENABLE_STRICT_OBJC_MSGSEND = YES;
				ENABLE_TESTABILITY = YES;
				GCC_C_LANGUAGE_STANDARD = gnu99;
				GCC_DYNAMIC_NO_PIC = NO;
				GCC_NO_COMMON_BLOCKS = YES;
				GCC_OPTIMIZATION_LEVEL = 0;
				GCC_PREPROCESSOR_DEFINITIONS = (
					"DEBUG=1",
					"$(inherited)",
				);
				GCC_WARN_64_TO_32_BIT_CONVERSION = YES;
				GCC_WARN_ABOUT_RETURN_TYPE = YES_ERROR;
				GCC_WARN_UNDECLARED_SELECTOR = YES;
				GCC_WARN_UNINITIALIZED_AUTOS = YES_AGGRESSIVE;
				GCC_WARN_UNUSED_FUNCTION = YES;
				GCC_WARN_UNUSED_VARIABLE = YES;
				IPHONEOS_DEPLOYMENT_TARGET = 10.2;
				MTL_ENABLE_DEBUG_INFO = YES;
				ONLY_ACTIVE_ARCH = YES;
				SDKROOT = iphoneos;
				SWIFT_ACTIVE_COMPILATION_CONDITIONS = DEBUG;
				SWIFT_OPTIMIZATION_LEVEL = "-Onone";
				TARGETED_DEVICE_FAMILY = "1,2";
			};
			name = Debug;
		};
		786C0E561E7BBA570018AA4E /* Release */ = {
			isa = XCBuildConfiguration;
			buildSettings = {
				ALWAYS_SEARCH_USER_PATHS = NO;
				CLANG_ANALYZER_NONNULL = YES;
				CLANG_CXX_LANGUAGE_STANDARD = "gnu++0x";
				CLANG_CXX_LIBRARY = "libc++";
				CLANG_ENABLE_MODULES = YES;
				CLANG_ENABLE_OBJC_ARC = YES;
				CLANG_WARN_BOOL_CONVERSION = YES;
				CLANG_WARN_CONSTANT_CONVERSION = YES;
				CLANG_WARN_DIRECT_OBJC_ISA_USAGE = YES_ERROR;
				CLANG_WARN_DOCUMENTATION_COMMENTS = YES;
				CLANG_WARN_EMPTY_BODY = YES;
				CLANG_WARN_ENUM_CONVERSION = YES;
				CLANG_WARN_INFINITE_RECURSION = YES;
				CLANG_WARN_INT_CONVERSION = YES;
				CLANG_WARN_OBJC_ROOT_CLASS = YES_ERROR;
				CLANG_WARN_SUSPICIOUS_MOVE = YES;
				CLANG_WARN_UNREACHABLE_CODE = YES;
				CLANG_WARN__DUPLICATE_METHOD_MATCH = YES;
				"CODE_SIGN_IDENTITY[sdk=iphoneos*]" = "iPhone Developer";
				COPY_PHASE_STRIP = NO;
				DEBUG_INFORMATION_FORMAT = "dwarf-with-dsym";
				ENABLE_NS_ASSERTIONS = NO;
				ENABLE_STRICT_OBJC_MSGSEND = YES;
				GCC_C_LANGUAGE_STANDARD = gnu99;
				GCC_NO_COMMON_BLOCKS = YES;
				GCC_WARN_64_TO_32_BIT_CONVERSION = YES;
				GCC_WARN_ABOUT_RETURN_TYPE = YES_ERROR;
				GCC_WARN_UNDECLARED_SELECTOR = YES;
				GCC_WARN_UNINITIALIZED_AUTOS = YES_AGGRESSIVE;
				GCC_WARN_UNUSED_FUNCTION = YES;
				GCC_WARN_UNUSED_VARIABLE = YES;
				IPHONEOS_DEPLOYMENT_TARGET = 10.2;
				MTL_ENABLE_DEBUG_INFO = NO;
				SDKROOT = iphoneos;
				SWIFT_OPTIMIZATION_LEVEL = "-Owholemodule";
				TARGETED_DEVICE_FAMILY = "1,2";
				VALIDATE_PRODUCT = YES;
			};
			name = Release;
		};
		786C0E581E7BBA570018AA4E /* Debug */ = {
			isa = XCBuildConfiguration;
			buildSettings = {
				ASSETCATALOG_COMPILER_APPICON_NAME = AppIcon;
				INFOPLIST_FILE = DemoProject/Info.plist;
				LD_RUNPATH_SEARCH_PATHS = "$(inherited) @executable_path/Frameworks";
				PRODUCT_BUNDLE_IDENTIFIER = com.deloitte.DemoProject;
				PRODUCT_NAME = "$(TARGET_NAME)";
				SWIFT_VERSION = 3.0;
			};
			name = Debug;
		};
		786C0E591E7BBA570018AA4E /* Release */ = {
			isa = XCBuildConfiguration;
			buildSettings = {
				ASSETCATALOG_COMPILER_APPICON_NAME = AppIcon;
				INFOPLIST_FILE = DemoProject/Info.plist;
				LD_RUNPATH_SEARCH_PATHS = "$(inherited) @executable_path/Frameworks";
				PRODUCT_BUNDLE_IDENTIFIER = com.deloitte.DemoProject;
				PRODUCT_NAME = "$(TARGET_NAME)";
				SWIFT_VERSION = 3.0;
			};
			name = Release;
		};
/* End XCBuildConfiguration section */

/* Begin XCConfigurationList section */
		786C0E401E7BBA570018AA4E /* Build configuration list for PBXProject "DemoProject" */ = {
			isa = XCConfigurationList;
			buildConfigurations = (
				786C0E551E7BBA570018AA4E /* Debug */,
				786C0E561E7BBA570018AA4E /* Release */,
			);
			defaultConfigurationIsVisible = 0;
			defaultConfigurationName = Release;
		};
		786C0E571E7BBA570018AA4E /* Build configuration list for PBXNativeTarget "DemoProject" */ = {
			isa = XCConfigurationList;
			buildConfigurations = (
				786C0E581E7BBA570018AA4E /* Debug */,
				786C0E591E7BBA570018AA4E /* Release */,
			);
			defaultConfigurationIsVisible = 0;
		};
/* End XCConfigurationList section */
	};
	rootObject = 786C0E3D1E7BBA570018AA4E /* Project object */;
}
